// !$*UTF8*$!
{
	archiveVersion = 1;
	classes = {
	};
	objectVersion = 55;
	objects = {

/* Begin PBXBuildFile section */
		6406AFC91963108AF82958D5 /* Pods_Favgame.framework in Frameworks */ = {isa = PBXBuildFile; fileRef = 72D2E646C25A023F74390264 /* Pods_Favgame.framework */; };
		69945CA3295ACFEF00CD014D /* AppDelegate.swift in Sources */ = {isa = PBXBuildFile; fileRef = 69945CA2295ACFEF00CD014D /* AppDelegate.swift */; };
		69945CA5295ACFEF00CD014D /* SceneDelegate.swift in Sources */ = {isa = PBXBuildFile; fileRef = 69945CA4295ACFEF00CD014D /* SceneDelegate.swift */; };
		69945CA7295ACFEF00CD014D /* ViewController.swift in Sources */ = {isa = PBXBuildFile; fileRef = 69945CA6295ACFEF00CD014D /* ViewController.swift */; };
		69945CAA295ACFEF00CD014D /* Main.storyboard in Resources */ = {isa = PBXBuildFile; fileRef = 69945CA8295ACFEF00CD014D /* Main.storyboard */; };
		69945CAC295ACFF100CD014D /* Assets.xcassets in Resources */ = {isa = PBXBuildFile; fileRef = 69945CAB295ACFF100CD014D /* Assets.xcassets */; };
		69945CAF295ACFF100CD014D /* LaunchScreen.storyboard in Resources */ = {isa = PBXBuildFile; fileRef = 69945CAD295ACFF100CD014D /* LaunchScreen.storyboard */; };
/* End PBXBuildFile section */

/* Begin PBXFileReference section */
		058356AA63D15027EFF8E363 /* Pods-Favgame.debug.xcconfig */ = {isa = PBXFileReference; includeInIndex = 1; lastKnownFileType = text.xcconfig; name = "Pods-Favgame.debug.xcconfig"; path = "Target Support Files/Pods-Favgame/Pods-Favgame.debug.xcconfig"; sourceTree = "<group>"; };
		69945C9F295ACFEF00CD014D /* Favgame.app */ = {isa = PBXFileReference; explicitFileType = wrapper.application; includeInIndex = 0; path = Favgame.app; sourceTree = BUILT_PRODUCTS_DIR; };
		69945CA2295ACFEF00CD014D /* AppDelegate.swift */ = {isa = PBXFileReference; lastKnownFileType = sourcecode.swift; path = AppDelegate.swift; sourceTree = "<group>"; };
		69945CA4295ACFEF00CD014D /* SceneDelegate.swift */ = {isa = PBXFileReference; lastKnownFileType = sourcecode.swift; path = SceneDelegate.swift; sourceTree = "<group>"; };
		69945CA6295ACFEF00CD014D /* ViewController.swift */ = {isa = PBXFileReference; lastKnownFileType = sourcecode.swift; path = ViewController.swift; sourceTree = "<group>"; };
		69945CA9295ACFEF00CD014D /* Base */ = {isa = PBXFileReference; lastKnownFileType = file.storyboard; name = Base; path = Base.lproj/Main.storyboard; sourceTree = "<group>"; };
		69945CAB295ACFF100CD014D /* Assets.xcassets */ = {isa = PBXFileReference; lastKnownFileType = folder.assetcatalog; path = Assets.xcassets; sourceTree = "<group>"; };
		69945CAE295ACFF100CD014D /* Base */ = {isa = PBXFileReference; lastKnownFileType = file.storyboard; name = Base; path = Base.lproj/LaunchScreen.storyboard; sourceTree = "<group>"; };
		69945CB0295ACFF100CD014D /* Info.plist */ = {isa = PBXFileReference; lastKnownFileType = text.plist.xml; path = Info.plist; sourceTree = "<group>"; };
		72D2E646C25A023F74390264 /* Pods_Favgame.framework */ = {isa = PBXFileReference; explicitFileType = wrapper.framework; includeInIndex = 0; path = Pods_Favgame.framework; sourceTree = BUILT_PRODUCTS_DIR; };
		BE0339F8BF449187263E6BBB /* Pods-Favgame.release.xcconfig */ = {isa = PBXFileReference; includeInIndex = 1; lastKnownFileType = text.xcconfig; name = "Pods-Favgame.release.xcconfig"; path = "Target Support Files/Pods-Favgame/Pods-Favgame.release.xcconfig"; sourceTree = "<group>"; };
/* End PBXFileReference section */

/* Begin PBXFrameworksBuildPhase section */
		69945C9C295ACFEF00CD014D /* Frameworks */ = {
			isa = PBXFrameworksBuildPhase;
			buildActionMask = 2147483647;
			files = (
				6406AFC91963108AF82958D5 /* Pods_Favgame.framework in Frameworks */,
			);
			runOnlyForDeploymentPostprocessing = 0;
		};
/* End PBXFrameworksBuildPhase section */

/* Begin PBXGroup section */
		20DB405D8664C75879A5BD33 /* Pods */ = {
			isa = PBXGroup;
			children = (
				058356AA63D15027EFF8E363 /* Pods-Favgame.debug.xcconfig */,
				BE0339F8BF449187263E6BBB /* Pods-Favgame.release.xcconfig */,
			);
			path = Pods;
			sourceTree = "<group>";
		};
		5A853B0F42CADE3C20579B99 /* Frameworks */ = {
			isa = PBXGroup;
			children = (
				72D2E646C25A023F74390264 /* Pods_Favgame.framework */,
			);
			name = Frameworks;
			sourceTree = "<group>";
		};
		69945C96295ACFEF00CD014D = {
			isa = PBXGroup;
			children = (
				69945CA1295ACFEF00CD014D /* Favgame */,
				69945CA0295ACFEF00CD014D /* Products */,
				20DB405D8664C75879A5BD33 /* Pods */,
				5A853B0F42CADE3C20579B99 /* Frameworks */,
			);
			sourceTree = "<group>";
		};
		69945CA0295ACFEF00CD014D /* Products */ = {
			isa = PBXGroup;
			children = (
				69945C9F295ACFEF00CD014D /* Favgame.app */,
			);
			name = Products;
			sourceTree = "<group>";
		};
		69945CA1295ACFEF00CD014D /* Favgame */ = {
			isa = PBXGroup;
			children = (
				69945CA2295ACFEF00CD014D /* AppDelegate.swift */,
				69945CA4295ACFEF00CD014D /* SceneDelegate.swift */,
				69945CA6295ACFEF00CD014D /* ViewController.swift */,
				69945CA8295ACFEF00CD014D /* Main.storyboard */,
				69945CAB295ACFF100CD014D /* Assets.xcassets */,
				69945CAD295ACFF100CD014D /* LaunchScreen.storyboard */,
				69945CB0295ACFF100CD014D /* Info.plist */,
			);
			path = Favgame;
			sourceTree = "<group>";
		};
/* End PBXGroup section */

/* Begin PBXNativeTarget section */
		69945C9E295ACFEF00CD014D /* Favgame */ = {
			isa = PBXNativeTarget;
			buildConfigurationList = 69945CB3295ACFF100CD014D /* Build configuration list for PBXNativeTarget "Favgame" */;
			buildPhases = (
				1593FD6AF81888F301142DC2 /* [CP] Check Pods Manifest.lock */,
				69945C9B295ACFEF00CD014D /* Sources */,
				69945C9C295ACFEF00CD014D /* Frameworks */,
				69945C9D295ACFEF00CD014D /* Resources */,
				E9D91FFDD6755C27BE31E66C /* [CP] Embed Pods Frameworks */,
				69945CB6295AD44700CD014D /* ShellScript */,
			);
			buildRules = (
			);
			dependencies = (
			);
			name = Favgame;
			productName = Favgame;
			productReference = 69945C9F295ACFEF00CD014D /* Favgame.app */;
			productType = "com.apple.product-type.application";
		};
/* End PBXNativeTarget section */

/* Begin PBXProject section */
		69945C97295ACFEF00CD014D /* Project object */ = {
			isa = PBXProject;
			attributes = {
				BuildIndependentTargetsInParallel = 1;
				LastSwiftUpdateCheck = 1410;
				LastUpgradeCheck = 1410;
				TargetAttributes = {
					69945C9E295ACFEF00CD014D = {
						CreatedOnToolsVersion = 14.1;
					};
				};
			};
			buildConfigurationList = 69945C9A295ACFEF00CD014D /* Build configuration list for PBXProject "Favgame" */;
			compatibilityVersion = "Xcode 13.0";
			developmentRegion = en;
			hasScannedForEncodings = 0;
			knownRegions = (
				en,
				Base,
			);
			mainGroup = 69945C96295ACFEF00CD014D;
			productRefGroup = 69945CA0295ACFEF00CD014D /* Products */;
			projectDirPath = "";
			projectRoot = "";
			targets = (
				69945C9E295ACFEF00CD014D /* Favgame */,
			);
		};
/* End PBXProject section */

/* Begin PBXResourcesBuildPhase section */
		69945C9D295ACFEF00CD014D /* Resources */ = {
			isa = PBXResourcesBuildPhase;
			buildActionMask = 2147483647;
			files = (
				69945CAF295ACFF100CD014D /* LaunchScreen.storyboard in Resources */,
				69945CAC295ACFF100CD014D /* Assets.xcassets in Resources */,
				69945CAA295ACFEF00CD014D /* Main.storyboard in Resources */,
			);
			runOnlyForDeploymentPostprocessing = 0;
		};
/* End PBXResourcesBuildPhase section */

/* Begin PBXShellScriptBuildPhase section */
		1593FD6AF81888F301142DC2 /* [CP] Check Pods Manifest.lock */ = {
			isa = PBXShellScriptBuildPhase;
			buildActionMask = 2147483647;
			files = (
			);
			inputFileListPaths = (
			);
			inputPaths = (
				"${PODS_PODFILE_DIR_PATH}/Podfile.lock",
				"${PODS_ROOT}/Manifest.lock",
			);
			name = "[CP] Check Pods Manifest.lock";
			outputFileListPaths = (
			);
			outputPaths = (
				"$(DERIVED_FILE_DIR)/Pods-Favgame-checkManifestLockResult.txt",
			);
			runOnlyForDeploymentPostprocessing = 0;
			shellPath = /bin/sh;
			shellScript = "diff \"${PODS_PODFILE_DIR_PATH}/Podfile.lock\" \"${PODS_ROOT}/Manifest.lock\" > /dev/null\nif [ $? != 0 ] ; then\n    # print error to STDERR\n    echo \"error: The sandbox is not in sync with the Podfile.lock. Run 'pod install' or update your CocoaPods installation.\" >&2\n    exit 1\nfi\n# This output is used by Xcode 'outputs' to avoid re-running this script phase.\necho \"SUCCESS\" > \"${SCRIPT_OUTPUT_FILE_0}\"\n";
			showEnvVarsInLog = 0;
		};
		69945CB6295AD44700CD014D /* ShellScript */ = {
			isa = PBXShellScriptBuildPhase;
			alwaysOutOfDate = 1;
			buildActionMask = 2147483647;
			files = (
			);
			inputFileListPaths = (
			);
			inputPaths = (
			);
			outputFileListPaths = (
			);
			outputPaths = (
			);
			runOnlyForDeploymentPostprocessing = 0;
			shellPath = /bin/sh;
			shellScript = "if which swiftlint >/dev/null; then\n  swiftlint\nelse\n  echo \"warning: SwiftLint not installed, download from https://github.com/realm/SwiftLint\"\nfi\n";
		};
		E9D91FFDD6755C27BE31E66C /* [CP] Embed Pods Frameworks */ = {
			isa = PBXShellScriptBuildPhase;
			buildActionMask = 2147483647;
			files = (
			);
			inputFileListPaths = (
				"${PODS_ROOT}/Target Support Files/Pods-Favgame/Pods-Favgame-frameworks-${CONFIGURATION}-input-files.xcfilelist",
			);
			name = "[CP] Embed Pods Frameworks";
			outputFileListPaths = (
				"${PODS_ROOT}/Target Support Files/Pods-Favgame/Pods-Favgame-frameworks-${CONFIGURATION}-output-files.xcfilelist",
			);
			runOnlyForDeploymentPostprocessing = 0;
			shellPath = /bin/sh;
			shellScript = "\"${PODS_ROOT}/Target Support Files/Pods-Favgame/Pods-Favgame-frameworks.sh\"\n";
			showEnvVarsInLog = 0;
		};
/* End PBXShellScriptBuildPhase section */

/* Begin PBXSourcesBuildPhase section */
		69945C9B295ACFEF00CD014D /* Sources */ = {
			isa = PBXSourcesBuildPhase;
			buildActionMask = 2147483647;
			files = (
				69945CA7295ACFEF00CD014D /* ViewController.swift in Sources */,
				69945CA3295ACFEF00CD014D /* AppDelegate.swift in Sources */,
				69945CA5295ACFEF00CD014D /* SceneDelegate.swift in Sources */,
			);
			runOnlyForDeploymentPostprocessing = 0;
		};
/* End PBXSourcesBuildPhase section */

/* Begin PBXVariantGroup section */
		69945CA8295ACFEF00CD014D /* Main.storyboard */ = {
			isa = PBXVariantGroup;
			children = (
				69945CA9295ACFEF00CD014D /* Base */,
			);
			name = Main.storyboard;
			sourceTree = "<group>";
		};
		69945CAD295ACFF100CD014D /* LaunchScreen.storyboard */ = {
			isa = PBXVariantGroup;
			children = (
				69945CAE295ACFF100CD014D /* Base */,
			);
			name = LaunchScreen.storyboard;
			sourceTree = "<group>";
		};
/* End PBXVariantGroup section */

/* Begin XCBuildConfiguration section */
		69945CB1295ACFF100CD014D /* Debug */ = {
			isa = XCBuildConfiguration;
			buildSettings = {
				ALWAYS_SEARCH_USER_PATHS = NO;
				CLANG_ANALYZER_NONNULL = YES;
				CLANG_ANALYZER_NUMBER_OBJECT_CONVERSION = YES_AGGRESSIVE;
				CLANG_CXX_LANGUAGE_STANDARD = "gnu++20";
				CLANG_ENABLE_MODULES = YES;
				CLANG_ENABLE_OBJC_ARC = YES;
				CLANG_ENABLE_OBJC_WEAK = YES;
				CLANG_WARN_BLOCK_CAPTURE_AUTORELEASING = YES;
				CLANG_WARN_BOOL_CONVERSION = YES;
				CLANG_WARN_COMMA = YES;
				CLANG_WARN_CONSTANT_CONVERSION = YES;
				CLANG_WARN_DEPRECATED_OBJC_IMPLEMENTATIONS = YES;
				CLANG_WARN_DIRECT_OBJC_ISA_USAGE = YES_ERROR;
				CLANG_WARN_DOCUMENTATION_COMMENTS = YES;
				CLANG_WARN_EMPTY_BODY = YES;
				CLANG_WARN_ENUM_CONVERSION = YES;
				CLANG_WARN_INFINITE_RECURSION = YES;
				CLANG_WARN_INT_CONVERSION = YES;
				CLANG_WARN_NON_LITERAL_NULL_CONVERSION = YES;
				CLANG_WARN_OBJC_IMPLICIT_RETAIN_SELF = YES;
				CLANG_WARN_OBJC_LITERAL_CONVERSION = YES;
				CLANG_WARN_OBJC_ROOT_CLASS = YES_ERROR;
				CLANG_WARN_QUOTED_INCLUDE_IN_FRAMEWORK_HEADER = YES;
				CLANG_WARN_RANGE_LOOP_ANALYSIS = YES;
				CLANG_WARN_STRICT_PROTOTYPES = YES;
				CLANG_WARN_SUSPICIOUS_MOVE = YES;
				CLANG_WARN_UNGUARDED_AVAILABILITY = YES_AGGRESSIVE;
				CLANG_WARN_UNREACHABLE_CODE = YES;
				CLANG_WARN__DUPLICATE_METHOD_MATCH = YES;
				COPY_PHASE_STRIP = NO;
				DEBUG_INFORMATION_FORMAT = dwarf;
				ENABLE_STRICT_OBJC_MSGSEND = YES;
				ENABLE_TESTABILITY = YES;
				GCC_C_LANGUAGE_STANDARD = gnu11;
				GCC_DYNAMIC_NO_PIC = NO;
				GCC_NO_COMMON_BLOCKS = YES;
				GCC_OPTIMIZATION_LEVEL = 0;
				GCC_PREPROCESSOR_DEFINITIONS = (
					"DEBUG=1",
					"$(inherited)",
				);
				GCC_WARN_64_TO_32_BIT_CONVERSION = YES;
				GCC_WARN_ABOUT_RETURN_TYPE = YES_ERROR;
				GCC_WARN_UNDECLARED_SELECTOR = YES;
				GCC_WARN_UNINITIALIZED_AUTOS = YES_AGGRESSIVE;
				GCC_WARN_UNUSED_FUNCTION = YES;
				GCC_WARN_UNUSED_VARIABLE = YES;
				IPHONEOS_DEPLOYMENT_TARGET = 16.1;
				MTL_ENABLE_DEBUG_INFO = INCLUDE_SOURCE;
				MTL_FAST_MATH = YES;
				ONLY_ACTIVE_ARCH = YES;
				SDKROOT = iphoneos;
				SWIFT_ACTIVE_COMPILATION_CONDITIONS = DEBUG;
				SWIFT_OPTIMIZATION_LEVEL = "-Onone";
			};
			name = Debug;
		};
		69945CB2295ACFF100CD014D /* Release */ = {
			isa = XCBuildConfiguration;
			buildSettings = {
				ALWAYS_SEARCH_USER_PATHS = NO;
				CLANG_ANALYZER_NONNULL = YES;
				CLANG_ANALYZER_NUMBER_OBJECT_CONVERSION = YES_AGGRESSIVE;
				CLANG_CXX_LANGUAGE_STANDARD = "gnu++20";
				CLANG_ENABLE_MODULES = YES;
				CLANG_ENABLE_OBJC_ARC = YES;
				CLANG_ENABLE_OBJC_WEAK = YES;
				CLANG_WARN_BLOCK_CAPTURE_AUTORELEASING = YES;
				CLANG_WARN_BOOL_CONVERSION = YES;
				CLANG_WARN_COMMA = YES;
				CLANG_WARN_CONSTANT_CONVERSION = YES;
				CLANG_WARN_DEPRECATED_OBJC_IMPLEMENTATIONS = YES;
				CLANG_WARN_DIRECT_OBJC_ISA_USAGE = YES_ERROR;
				CLANG_WARN_DOCUMENTATION_COMMENTS = YES;
				CLANG_WARN_EMPTY_BODY = YES;
				CLANG_WARN_ENUM_CONVERSION = YES;
				CLANG_WARN_INFINITE_RECURSION = YES;
				CLANG_WARN_INT_CONVERSION = YES;
				CLANG_WARN_NON_LITERAL_NULL_CONVERSION = YES;
				CLANG_WARN_OBJC_IMPLICIT_RETAIN_SELF = YES;
				CLANG_WARN_OBJC_LITERAL_CONVERSION = YES;
				CLANG_WARN_OBJC_ROOT_CLASS = YES_ERROR;
				CLANG_WARN_QUOTED_INCLUDE_IN_FRAMEWORK_HEADER = YES;
				CLANG_WARN_RANGE_LOOP_ANALYSIS = YES;
				CLANG_WARN_STRICT_PROTOTYPES = YES;
				CLANG_WARN_SUSPICIOUS_MOVE = YES;
				CLANG_WARN_UNGUARDED_AVAILABILITY = YES_AGGRESSIVE;
				CLANG_WARN_UNREACHABLE_CODE = YES;
				CLANG_WARN__DUPLICATE_METHOD_MATCH = YES;
				COPY_PHASE_STRIP = NO;
				DEBUG_INFORMATION_FORMAT = "dwarf-with-dsym";
				ENABLE_NS_ASSERTIONS = NO;
				ENABLE_STRICT_OBJC_MSGSEND = YES;
				GCC_C_LANGUAGE_STANDARD = gnu11;
				GCC_NO_COMMON_BLOCKS = YES;
				GCC_WARN_64_TO_32_BIT_CONVERSION = YES;
				GCC_WARN_ABOUT_RETURN_TYPE = YES_ERROR;
				GCC_WARN_UNDECLARED_SELECTOR = YES;
				GCC_WARN_UNINITIALIZED_AUTOS = YES_AGGRESSIVE;
				GCC_WARN_UNUSED_FUNCTION = YES;
				GCC_WARN_UNUSED_VARIABLE = YES;
				IPHONEOS_DEPLOYMENT_TARGET = 16.1;
				MTL_ENABLE_DEBUG_INFO = NO;
				MTL_FAST_MATH = YES;
				SDKROOT = iphoneos;
				SWIFT_COMPILATION_MODE = wholemodule;
				SWIFT_OPTIMIZATION_LEVEL = "-O";
				VALIDATE_PRODUCT = YES;
			};
			name = Release;
		};
		69945CB4295ACFF100CD014D /* Debug */ = {
			isa = XCBuildConfiguration;
			baseConfigurationReference = 058356AA63D15027EFF8E363 /* Pods-Favgame.debug.xcconfig */;
			buildSettings = {
				ASSETCATALOG_COMPILER_APPICON_NAME = AppIcon;
				ASSETCATALOG_COMPILER_GLOBAL_ACCENT_COLOR_NAME = AccentColor;
				CODE_SIGN_STYLE = Automatic;
				CURRENT_PROJECT_VERSION = 1;
				DEVELOPMENT_TEAM = MZGWYSR98Q;
				GENERATE_INFOPLIST_FILE = YES;
				INFOPLIST_FILE = Favgame/Info.plist;
				INFOPLIST_KEY_UIApplicationSupportsIndirectInputEvents = YES;
				INFOPLIST_KEY_UILaunchStoryboardName = LaunchScreen;
				INFOPLIST_KEY_UIMainStoryboardFile = Main;
				INFOPLIST_KEY_UISupportedInterfaceOrientations_iPad = "UIInterfaceOrientationPortrait UIInterfaceOrientationPortraitUpsideDown UIInterfaceOrientationLandscapeLeft UIInterfaceOrientationLandscapeRight";
				INFOPLIST_KEY_UISupportedInterfaceOrientations_iPhone = "UIInterfaceOrientationPortrait UIInterfaceOrientationLandscapeLeft UIInterfaceOrientationLandscapeRight";
				LD_RUNPATH_SEARCH_PATHS = (
					"$(inherited)",
					"@executable_path/Frameworks",
				);
				MARKETING_VERSION = 1.0;
				PRODUCT_BUNDLE_IDENTIFIER = com.done.Favgame;
				PRODUCT_NAME = "$(TARGET_NAME)";
				SWIFT_EMIT_LOC_STRINGS = YES;
				SWIFT_VERSION = 5.0;
				TARGETED_DEVICE_FAMILY = "1,2";
			};
			name = Debug;
		};
		69945CB5295ACFF100CD014D /* Release */ = {
			isa = XCBuildConfiguration;
			baseConfigurationReference = BE0339F8BF449187263E6BBB /* Pods-Favgame.release.xcconfig */;
			buildSettings = {
				ASSETCATALOG_COMPILER_APPICON_NAME = AppIcon;
				ASSETCATALOG_COMPILER_GLOBAL_ACCENT_COLOR_NAME = AccentColor;
				CODE_SIGN_STYLE = Automatic;
				CURRENT_PROJECT_VERSION = 1;
				DEVELOPMENT_TEAM = MZGWYSR98Q;
				GENERATE_INFOPLIST_FILE = YES;
				INFOPLIST_FILE = Favgame/Info.plist;
				INFOPLIST_KEY_UIApplicationSupportsIndirectInputEvents = YES;
				INFOPLIST_KEY_UILaunchStoryboardName = LaunchScreen;
				INFOPLIST_KEY_UIMainStoryboardFile = Main;
				INFOPLIST_KEY_UISupportedInterfaceOrientations_iPad = "UIInterfaceOrientationPortrait UIInterfaceOrientationPortraitUpsideDown UIInterfaceOrientationLandscapeLeft UIInterfaceOrientationLandscapeRight";
				INFOPLIST_KEY_UISupportedInterfaceOrientations_iPhone = "UIInterfaceOrientationPortrait UIInterfaceOrientationLandscapeLeft UIInterfaceOrientationLandscapeRight";
				LD_RUNPATH_SEARCH_PATHS = (
					"$(inherited)",
					"@executable_path/Frameworks",
				);
				MARKETING_VERSION = 1.0;
				PRODUCT_BUNDLE_IDENTIFIER = com.done.Favgame;
				PRODUCT_NAME = "$(TARGET_NAME)";
				SWIFT_EMIT_LOC_STRINGS = YES;
				SWIFT_VERSION = 5.0;
				TARGETED_DEVICE_FAMILY = "1,2";
			};
			name = Release;
		};
/* End XCBuildConfiguration section */

/* Begin XCConfigurationList section */
		69945C9A295ACFEF00CD014D /* Build configuration list for PBXProject "Favgame" */ = {
			isa = XCConfigurationList;
			buildConfigurations = (
				69945CB1295ACFF100CD014D /* Debug */,
				69945CB2295ACFF100CD014D /* Release */,
			);
			defaultConfigurationIsVisible = 0;
			defaultConfigurationName = Release;
		};
		69945CB3295ACFF100CD014D /* Build configuration list for PBXNativeTarget "Favgame" */ = {
			isa = XCConfigurationList;
			buildConfigurations = (
				69945CB4295ACFF100CD014D /* Debug */,
				69945CB5295ACFF100CD014D /* Release */,
			);
			defaultConfigurationIsVisible = 0;
			defaultConfigurationName = Release;
		};
/* End XCConfigurationList section */
	};
	rootObject = 69945C97295ACFEF00CD014D /* Project object */;
}
