// !$*UTF8*$!
{
	archiveVersion = 1;
	classes = {
	};
	objectVersion = 55;
	objects = {

/* Begin PBXBuildFile section */
		6406AFC91963108AF82958D5 /* Pods_Favgame.framework in Frameworks */ = {isa = PBXBuildFile; fileRef = 72D2E646C25A023F74390264 /* Pods_Favgame.framework */; };
		697DC55E295FFBE300049156 /* Results+Ext.swift in Sources */ = {isa = PBXBuildFile; fileRef = 697DC55D295FFBE300049156 /* Results+Ext.swift */; };
		69945CA3295ACFEF00CD014D /* AppDelegate.swift in Sources */ = {isa = PBXBuildFile; fileRef = 69945CA2295ACFEF00CD014D /* AppDelegate.swift */; };
		69945CA5295ACFEF00CD014D /* SceneDelegate.swift in Sources */ = {isa = PBXBuildFile; fileRef = 69945CA4295ACFEF00CD014D /* SceneDelegate.swift */; };
		69945CAC295ACFF100CD014D /* Assets.xcassets in Resources */ = {isa = PBXBuildFile; fileRef = 69945CAB295ACFF100CD014D /* Assets.xcassets */; };
		69945CAF295ACFF100CD014D /* LaunchScreen.storyboard in Resources */ = {isa = PBXBuildFile; fileRef = 69945CAD295ACFF100CD014D /* LaunchScreen.storyboard */; };
		69945CC1295ADAAD00CD014D /* BaseViewController.swift in Sources */ = {isa = PBXBuildFile; fileRef = 69945CC0295ADAAD00CD014D /* BaseViewController.swift */; };
		69945CC5295AF38A00CD014D /* Injection.swift in Sources */ = {isa = PBXBuildFile; fileRef = 69945CC4295AF38A00CD014D /* Injection.swift */; };
		69945CC8295AF7DF00CD014D /* HomeViewController.swift in Sources */ = {isa = PBXBuildFile; fileRef = 69945CC7295AF7DF00CD014D /* HomeViewController.swift */; };
		69945CCB295AF8A200CD014D /* GetListGameUseCase.swift in Sources */ = {isa = PBXBuildFile; fileRef = 69945CCA295AF8A200CD014D /* GetListGameUseCase.swift */; };
		69945CCE295AFABE00CD014D /* GameRepository.swift in Sources */ = {isa = PBXBuildFile; fileRef = 69945CCD295AFABE00CD014D /* GameRepository.swift */; };
		69945CD1295AFC8700CD014D /* Constant.swift in Sources */ = {isa = PBXBuildFile; fileRef = 69945CD0295AFC8700CD014D /* Constant.swift */; };
		69945CD4295B001B00CD014D /* Constraints+Ext.swift in Sources */ = {isa = PBXBuildFile; fileRef = 69945CD3295B001B00CD014D /* Constraints+Ext.swift */; };
		69945CD6295BB8A900CD014D /* UIColor+Ext.swift in Sources */ = {isa = PBXBuildFile; fileRef = 69945CD5295BB8A900CD014D /* UIColor+Ext.swift */; };
		69945CD9295BBAB000CD014D /* GameCollectionViewCell.swift in Sources */ = {isa = PBXBuildFile; fileRef = 69945CD8295BBAB000CD014D /* GameCollectionViewCell.swift */; };
		69945CDD295BC68F00CD014D /* Game.swift in Sources */ = {isa = PBXBuildFile; fileRef = 69945CDC295BC68F00CD014D /* Game.swift */; };
		69945CE2295BDCF100CD014D /* GameLocalDataSource.swift in Sources */ = {isa = PBXBuildFile; fileRef = 69945CE1295BDCF000CD014D /* GameLocalDataSource.swift */; };
		69945CE5295BDD9600CD014D /* GameRemoteDataSource.swift in Sources */ = {isa = PBXBuildFile; fileRef = 69945CE4295BDD9600CD014D /* GameRemoteDataSource.swift */; };
		69945CE9295BDF2300CD014D /* GameResponse.swift in Sources */ = {isa = PBXBuildFile; fileRef = 69945CE8295BDF2300CD014D /* GameResponse.swift */; };
		69945CEC295BE25000CD014D /* APICall.swift in Sources */ = {isa = PBXBuildFile; fileRef = 69945CEB295BE25000CD014D /* APICall.swift */; };
		69945CEE295BE4B000CD014D /* CustomError+Ext.swift in Sources */ = {isa = PBXBuildFile; fileRef = 69945CED295BE4B000CD014D /* CustomError+Ext.swift */; };
		69945CF1295BE7E500CD014D /* GameMapper.swift in Sources */ = {isa = PBXBuildFile; fileRef = 69945CF0295BE7E500CD014D /* GameMapper.swift */; };
		69945CF5295C138700CD014D /* DetailViewController.swift in Sources */ = {isa = PBXBuildFile; fileRef = 69945CF4295C138700CD014D /* DetailViewController.swift */; };
		69945CF7295C13F300CD014D /* GetGameDetailUseCase.swift in Sources */ = {isa = PBXBuildFile; fileRef = 69945CF6295C13F300CD014D /* GetGameDetailUseCase.swift */; };
		69945CF9295C16D700CD014D /* GameDetailResponse.swift in Sources */ = {isa = PBXBuildFile; fileRef = 69945CF8295C16D700CD014D /* GameDetailResponse.swift */; };
		69945CFB295C172300CD014D /* GameDetail.swift in Sources */ = {isa = PBXBuildFile; fileRef = 69945CFA295C172300CD014D /* GameDetail.swift */; };
		69945CFD295C18C600CD014D /* GameDetailMapper.swift in Sources */ = {isa = PBXBuildFile; fileRef = 69945CFC295C18C600CD014D /* GameDetailMapper.swift */; };
		69945CFF295C29AB00CD014D /* DetailHeaderView.swift in Sources */ = {isa = PBXBuildFile; fileRef = 69945CFE295C29AB00CD014D /* DetailHeaderView.swift */; };
		69945D01295D1AC400CD014D /* DetailDesccriptionCollectionViewCell.swift in Sources */ = {isa = PBXBuildFile; fileRef = 69945D00295D1AC400CD014D /* DetailDesccriptionCollectionViewCell.swift */; };
		69945D03295D273F00CD014D /* SearchViewController.swift in Sources */ = {isa = PBXBuildFile; fileRef = 69945D02295D273F00CD014D /* SearchViewController.swift */; };
		69945D05295D2A0A00CD014D /* SearchGameUSeCase.swift in Sources */ = {isa = PBXBuildFile; fileRef = 69945D04295D2A0A00CD014D /* SearchGameUSeCase.swift */; };
		69945D07295D376D00CD014D /* GameTableViewCell.swift in Sources */ = {isa = PBXBuildFile; fileRef = 69945D06295D376D00CD014D /* GameTableViewCell.swift */; };
		69945D09295D486800CD014D /* UITableView+Ext.swift in Sources */ = {isa = PBXBuildFile; fileRef = 69945D08295D486800CD014D /* UITableView+Ext.swift */; };
		69945D0C295D69E500CD014D /* GameEntity.swift in Sources */ = {isa = PBXBuildFile; fileRef = 69945D0B295D69E500CD014D /* GameEntity.swift */; };
		69945D0F295D746000CD014D /* FavoriteViewController.swift in Sources */ = {isa = PBXBuildFile; fileRef = 69945D0E295D746000CD014D /* FavoriteViewController.swift */; };
		69945D11295D776400CD014D /* GetFavoritesGameUseCase.swift in Sources */ = {isa = PBXBuildFile; fileRef = 69945D10295D776400CD014D /* GetFavoritesGameUseCase.swift */; };
		69945D13295D7AD200CD014D /* InsertFavoriteGameUseCase.swift in Sources */ = {isa = PBXBuildFile; fileRef = 69945D12295D7AD200CD014D /* InsertFavoriteGameUseCase.swift */; };
		69945D15295D865400CD014D /* CheckIsFavoriteUseCase.swift in Sources */ = {isa = PBXBuildFile; fileRef = 69945D14295D865400CD014D /* CheckIsFavoriteUseCase.swift */; };
		69945D17295D912E00CD014D /* DeleteFavoriteGameUseCase.swift in Sources */ = {isa = PBXBuildFile; fileRef = 69945D16295D912E00CD014D /* DeleteFavoriteGameUseCase.swift */; };
		69945D19295DD11000CD014D /* AboutViewController.swift in Sources */ = {isa = PBXBuildFile; fileRef = 69945D18295DD11000CD014D /* AboutViewController.swift */; };
/* End PBXBuildFile section */

/* Begin PBXFileReference section */
		058356AA63D15027EFF8E363 /* Pods-Favgame.debug.xcconfig */ = {isa = PBXFileReference; includeInIndex = 1; lastKnownFileType = text.xcconfig; name = "Pods-Favgame.debug.xcconfig"; path = "Target Support Files/Pods-Favgame/Pods-Favgame.debug.xcconfig"; sourceTree = "<group>"; };
		697DC55D295FFBE300049156 /* Results+Ext.swift */ = {isa = PBXFileReference; lastKnownFileType = sourcecode.swift; path = "Results+Ext.swift"; sourceTree = "<group>"; };
		69945C9F295ACFEF00CD014D /* Favgame.app */ = {isa = PBXFileReference; explicitFileType = wrapper.application; includeInIndex = 0; path = Favgame.app; sourceTree = BUILT_PRODUCTS_DIR; };
		69945CA2295ACFEF00CD014D /* AppDelegate.swift */ = {isa = PBXFileReference; lastKnownFileType = sourcecode.swift; path = AppDelegate.swift; sourceTree = "<group>"; };
		69945CA4295ACFEF00CD014D /* SceneDelegate.swift */ = {isa = PBXFileReference; lastKnownFileType = sourcecode.swift; path = SceneDelegate.swift; sourceTree = "<group>"; };
		69945CAB295ACFF100CD014D /* Assets.xcassets */ = {isa = PBXFileReference; lastKnownFileType = folder.assetcatalog; path = Assets.xcassets; sourceTree = "<group>"; };
		69945CAE295ACFF100CD014D /* Base */ = {isa = PBXFileReference; lastKnownFileType = file.storyboard; name = Base; path = Base.lproj/LaunchScreen.storyboard; sourceTree = "<group>"; };
		69945CB0295ACFF100CD014D /* Info.plist */ = {isa = PBXFileReference; lastKnownFileType = text.plist.xml; path = Info.plist; sourceTree = "<group>"; };
		69945CC0295ADAAD00CD014D /* BaseViewController.swift */ = {isa = PBXFileReference; lastKnownFileType = sourcecode.swift; path = BaseViewController.swift; sourceTree = "<group>"; };
		69945CC4295AF38A00CD014D /* Injection.swift */ = {isa = PBXFileReference; lastKnownFileType = sourcecode.swift; path = Injection.swift; sourceTree = "<group>"; };
		69945CC7295AF7DF00CD014D /* HomeViewController.swift */ = {isa = PBXFileReference; lastKnownFileType = sourcecode.swift; path = HomeViewController.swift; sourceTree = "<group>"; };
		69945CCA295AF8A200CD014D /* GetListGameUseCase.swift */ = {isa = PBXFileReference; lastKnownFileType = sourcecode.swift; path = GetListGameUseCase.swift; sourceTree = "<group>"; };
		69945CCD295AFABE00CD014D /* GameRepository.swift */ = {isa = PBXFileReference; lastKnownFileType = sourcecode.swift; path = GameRepository.swift; sourceTree = "<group>"; };
		69945CD0295AFC8700CD014D /* Constant.swift */ = {isa = PBXFileReference; lastKnownFileType = sourcecode.swift; path = Constant.swift; sourceTree = "<group>"; };
		69945CD3295B001B00CD014D /* Constraints+Ext.swift */ = {isa = PBXFileReference; lastKnownFileType = sourcecode.swift; path = "Constraints+Ext.swift"; sourceTree = "<group>"; };
		69945CD5295BB8A900CD014D /* UIColor+Ext.swift */ = {isa = PBXFileReference; lastKnownFileType = sourcecode.swift; path = "UIColor+Ext.swift"; sourceTree = "<group>"; };
		69945CD8295BBAB000CD014D /* GameCollectionViewCell.swift */ = {isa = PBXFileReference; lastKnownFileType = sourcecode.swift; path = GameCollectionViewCell.swift; sourceTree = "<group>"; };
		69945CDC295BC68F00CD014D /* Game.swift */ = {isa = PBXFileReference; lastKnownFileType = sourcecode.swift; path = Game.swift; sourceTree = "<group>"; };
		69945CE1295BDCF000CD014D /* GameLocalDataSource.swift */ = {isa = PBXFileReference; lastKnownFileType = sourcecode.swift; path = GameLocalDataSource.swift; sourceTree = "<group>"; };
		69945CE4295BDD9600CD014D /* GameRemoteDataSource.swift */ = {isa = PBXFileReference; lastKnownFileType = sourcecode.swift; path = GameRemoteDataSource.swift; sourceTree = "<group>"; };
		69945CE8295BDF2300CD014D /* GameResponse.swift */ = {isa = PBXFileReference; lastKnownFileType = sourcecode.swift; path = GameResponse.swift; sourceTree = "<group>"; };
		69945CEB295BE25000CD014D /* APICall.swift */ = {isa = PBXFileReference; lastKnownFileType = sourcecode.swift; path = APICall.swift; sourceTree = "<group>"; };
		69945CED295BE4B000CD014D /* CustomError+Ext.swift */ = {isa = PBXFileReference; lastKnownFileType = sourcecode.swift; path = "CustomError+Ext.swift"; sourceTree = "<group>"; };
		69945CF0295BE7E500CD014D /* GameMapper.swift */ = {isa = PBXFileReference; lastKnownFileType = sourcecode.swift; path = GameMapper.swift; sourceTree = "<group>"; };
		69945CF4295C138700CD014D /* DetailViewController.swift */ = {isa = PBXFileReference; lastKnownFileType = sourcecode.swift; path = DetailViewController.swift; sourceTree = "<group>"; };
		69945CF6295C13F300CD014D /* GetGameDetailUseCase.swift */ = {isa = PBXFileReference; lastKnownFileType = sourcecode.swift; path = GetGameDetailUseCase.swift; sourceTree = "<group>"; };
		69945CF8295C16D700CD014D /* GameDetailResponse.swift */ = {isa = PBXFileReference; lastKnownFileType = sourcecode.swift; path = GameDetailResponse.swift; sourceTree = "<group>"; };
		69945CFA295C172300CD014D /* GameDetail.swift */ = {isa = PBXFileReference; lastKnownFileType = sourcecode.swift; path = GameDetail.swift; sourceTree = "<group>"; };
		69945CFC295C18C600CD014D /* GameDetailMapper.swift */ = {isa = PBXFileReference; lastKnownFileType = sourcecode.swift; path = GameDetailMapper.swift; sourceTree = "<group>"; };
		69945CFE295C29AB00CD014D /* DetailHeaderView.swift */ = {isa = PBXFileReference; lastKnownFileType = sourcecode.swift; path = DetailHeaderView.swift; sourceTree = "<group>"; };
		69945D00295D1AC400CD014D /* DetailDesccriptionCollectionViewCell.swift */ = {isa = PBXFileReference; lastKnownFileType = sourcecode.swift; path = DetailDesccriptionCollectionViewCell.swift; sourceTree = "<group>"; };
		69945D02295D273F00CD014D /* SearchViewController.swift */ = {isa = PBXFileReference; lastKnownFileType = sourcecode.swift; path = SearchViewController.swift; sourceTree = "<group>"; };
		69945D04295D2A0A00CD014D /* SearchGameUSeCase.swift */ = {isa = PBXFileReference; lastKnownFileType = sourcecode.swift; path = SearchGameUSeCase.swift; sourceTree = "<group>"; };
		69945D06295D376D00CD014D /* GameTableViewCell.swift */ = {isa = PBXFileReference; lastKnownFileType = sourcecode.swift; path = GameTableViewCell.swift; sourceTree = "<group>"; };
		69945D08295D486800CD014D /* UITableView+Ext.swift */ = {isa = PBXFileReference; lastKnownFileType = sourcecode.swift; path = "UITableView+Ext.swift"; sourceTree = "<group>"; };
		69945D0B295D69E500CD014D /* GameEntity.swift */ = {isa = PBXFileReference; lastKnownFileType = sourcecode.swift; path = GameEntity.swift; sourceTree = "<group>"; };
		69945D0E295D746000CD014D /* FavoriteViewController.swift */ = {isa = PBXFileReference; lastKnownFileType = sourcecode.swift; path = FavoriteViewController.swift; sourceTree = "<group>"; };
		69945D10295D776400CD014D /* GetFavoritesGameUseCase.swift */ = {isa = PBXFileReference; lastKnownFileType = sourcecode.swift; path = GetFavoritesGameUseCase.swift; sourceTree = "<group>"; };
		69945D12295D7AD200CD014D /* InsertFavoriteGameUseCase.swift */ = {isa = PBXFileReference; lastKnownFileType = sourcecode.swift; path = InsertFavoriteGameUseCase.swift; sourceTree = "<group>"; };
		69945D14295D865400CD014D /* CheckIsFavoriteUseCase.swift */ = {isa = PBXFileReference; lastKnownFileType = sourcecode.swift; path = CheckIsFavoriteUseCase.swift; sourceTree = "<group>"; };
		69945D16295D912E00CD014D /* DeleteFavoriteGameUseCase.swift */ = {isa = PBXFileReference; lastKnownFileType = sourcecode.swift; path = DeleteFavoriteGameUseCase.swift; sourceTree = "<group>"; };
		69945D18295DD11000CD014D /* AboutViewController.swift */ = {isa = PBXFileReference; lastKnownFileType = sourcecode.swift; path = AboutViewController.swift; sourceTree = "<group>"; };
		72D2E646C25A023F74390264 /* Pods_Favgame.framework */ = {isa = PBXFileReference; explicitFileType = wrapper.framework; includeInIndex = 0; path = Pods_Favgame.framework; sourceTree = BUILT_PRODUCTS_DIR; };
		BE0339F8BF449187263E6BBB /* Pods-Favgame.release.xcconfig */ = {isa = PBXFileReference; includeInIndex = 1; lastKnownFileType = text.xcconfig; name = "Pods-Favgame.release.xcconfig"; path = "Target Support Files/Pods-Favgame/Pods-Favgame.release.xcconfig"; sourceTree = "<group>"; };
/* End PBXFileReference section */

/* Begin PBXFrameworksBuildPhase section */
		69945C9C295ACFEF00CD014D /* Frameworks */ = {
			isa = PBXFrameworksBuildPhase;
			buildActionMask = 2147483647;
			files = (
				6406AFC91963108AF82958D5 /* Pods_Favgame.framework in Frameworks */,
			);
			runOnlyForDeploymentPostprocessing = 0;
		};
/* End PBXFrameworksBuildPhase section */

/* Begin PBXGroup section */
		20DB405D8664C75879A5BD33 /* Pods */ = {
			isa = PBXGroup;
			children = (
				058356AA63D15027EFF8E363 /* Pods-Favgame.debug.xcconfig */,
				BE0339F8BF449187263E6BBB /* Pods-Favgame.release.xcconfig */,
			);
			path = Pods;
			sourceTree = "<group>";
		};
		5A853B0F42CADE3C20579B99 /* Frameworks */ = {
			isa = PBXGroup;
			children = (
				72D2E646C25A023F74390264 /* Pods_Favgame.framework */,
			);
			name = Frameworks;
			sourceTree = "<group>";
		};
		69945C96295ACFEF00CD014D = {
			isa = PBXGroup;
			children = (
				69945CA1295ACFEF00CD014D /* Favgame */,
				69945CA0295ACFEF00CD014D /* Products */,
				20DB405D8664C75879A5BD33 /* Pods */,
				5A853B0F42CADE3C20579B99 /* Frameworks */,
			);
			sourceTree = "<group>";
		};
		69945CA0295ACFEF00CD014D /* Products */ = {
			isa = PBXGroup;
			children = (
				69945C9F295ACFEF00CD014D /* Favgame.app */,
			);
			name = Products;
			sourceTree = "<group>";
		};
		69945CA1295ACFEF00CD014D /* Favgame */ = {
			isa = PBXGroup;
			children = (
				69945CBD295AD92800CD014D /* App */,
				69945D1A295DE63600CD014D /* Core */,
				69945CB7295AD8F400CD014D /* Module */,
				69945CB9295AD90500CD014D /* Resource */,
				69945CB0295ACFF100CD014D /* Info.plist */,
				69945CD0295AFC8700CD014D /* Constant.swift */,
			);
			path = Favgame;
			sourceTree = "<group>";
		};
		69945CB7295AD8F400CD014D /* Module */ = {
			isa = PBXGroup;
			children = (
				69945CD7295BBA9800CD014D /* View */,
				69945CBE295ADA9700CD014D /* UI */,
			);
			path = Module;
			sourceTree = "<group>";
		};
		69945CB8295AD8FC00CD014D /* Domain */ = {
			isa = PBXGroup;
			children = (
				69945CDA295BC67A00CD014D /* Model */,
				69945CC9295AF86300CD014D /* UseCase */,
			);
			path = Domain;
			sourceTree = "<group>";
		};
		69945CB9295AD90500CD014D /* Resource */ = {
			isa = PBXGroup;
			children = (
				69945CAD295ACFF100CD014D /* LaunchScreen.storyboard */,
				69945CAB295ACFF100CD014D /* Assets.xcassets */,
			);
			path = Resource;
			sourceTree = "<group>";
		};
		69945CBA295AD90F00CD014D /* Data */ = {
			isa = PBXGroup;
			children = (
				69945CE6295BDF0A00CD014D /* Model */,
				69945CDE295BDCC000CD014D /* DataSource */,
				69945CCC295AFA9100CD014D /* Repository */,
			);
			path = Data;
			sourceTree = "<group>";
		};
		69945CBB295AD91A00CD014D /* Utils */ = {
			isa = PBXGroup;
			children = (
				69945CEF295BE7D300CD014D /* Mapper */,
				69945CEA295BE24000CD014D /* Network */,
				69945CD2295B000500CD014D /* Extensions */,
			);
			path = Utils;
			sourceTree = "<group>";
		};
		69945CBC295AD92200CD014D /* DI */ = {
			isa = PBXGroup;
			children = (
				69945CC4295AF38A00CD014D /* Injection.swift */,
			);
			path = DI;
			sourceTree = "<group>";
		};
		69945CBD295AD92800CD014D /* App */ = {
			isa = PBXGroup;
			children = (
				69945CA2295ACFEF00CD014D /* AppDelegate.swift */,
				69945CA4295ACFEF00CD014D /* SceneDelegate.swift */,
			);
			path = App;
			sourceTree = "<group>";
		};
		69945CBE295ADA9700CD014D /* UI */ = {
			isa = PBXGroup;
			children = (
				69945CF4295C138700CD014D /* DetailViewController.swift */,
				69945CC7295AF7DF00CD014D /* HomeViewController.swift */,
				69945CC0295ADAAD00CD014D /* BaseViewController.swift */,
				69945D02295D273F00CD014D /* SearchViewController.swift */,
				69945D0E295D746000CD014D /* FavoriteViewController.swift */,
				69945D18295DD11000CD014D /* AboutViewController.swift */,
			);
			path = UI;
			sourceTree = "<group>";
		};
		69945CC9295AF86300CD014D /* UseCase */ = {
			isa = PBXGroup;
			children = (
				69945CCA295AF8A200CD014D /* GetListGameUseCase.swift */,
				69945CF6295C13F300CD014D /* GetGameDetailUseCase.swift */,
				69945D04295D2A0A00CD014D /* SearchGameUSeCase.swift */,
				69945D10295D776400CD014D /* GetFavoritesGameUseCase.swift */,
				69945D12295D7AD200CD014D /* InsertFavoriteGameUseCase.swift */,
				69945D14295D865400CD014D /* CheckIsFavoriteUseCase.swift */,
				69945D16295D912E00CD014D /* DeleteFavoriteGameUseCase.swift */,
			);
			path = UseCase;
			sourceTree = "<group>";
		};
		69945CCC295AFA9100CD014D /* Repository */ = {
			isa = PBXGroup;
			children = (
				69945CCD295AFABE00CD014D /* GameRepository.swift */,
			);
			path = Repository;
			sourceTree = "<group>";
		};
		69945CD2295B000500CD014D /* Extensions */ = {
			isa = PBXGroup;
			children = (
				69945CD3295B001B00CD014D /* Constraints+Ext.swift */,
				69945CD5295BB8A900CD014D /* UIColor+Ext.swift */,
				69945CED295BE4B000CD014D /* CustomError+Ext.swift */,
				69945D08295D486800CD014D /* UITableView+Ext.swift */,
				697DC55D295FFBE300049156 /* Results+Ext.swift */,
			);
			path = Extensions;
			sourceTree = "<group>";
		};
		69945CD7295BBA9800CD014D /* View */ = {
			isa = PBXGroup;
			children = (
				69945CD8295BBAB000CD014D /* GameCollectionViewCell.swift */,
				69945CFE295C29AB00CD014D /* DetailHeaderView.swift */,
				69945D00295D1AC400CD014D /* DetailDesccriptionCollectionViewCell.swift */,
				69945D06295D376D00CD014D /* GameTableViewCell.swift */,
			);
			path = View;
			sourceTree = "<group>";
		};
		69945CDA295BC67A00CD014D /* Model */ = {
			isa = PBXGroup;
			children = (
				69945CDC295BC68F00CD014D /* Game.swift */,
				69945CFA295C172300CD014D /* GameDetail.swift */,
			);
			path = Model;
			sourceTree = "<group>";
		};
		69945CDE295BDCC000CD014D /* DataSource */ = {
			isa = PBXGroup;
			children = (
				69945CE3295BDD8B00CD014D /* Remote */,
				69945CDF295BDCCA00CD014D /* Local */,
			);
			path = DataSource;
			sourceTree = "<group>";
		};
		69945CDF295BDCCA00CD014D /* Local */ = {
			isa = PBXGroup;
			children = (
				69945CE1295BDCF000CD014D /* GameLocalDataSource.swift */,
			);
			path = Local;
			sourceTree = "<group>";
		};
		69945CE3295BDD8B00CD014D /* Remote */ = {
			isa = PBXGroup;
			children = (
				69945CE4295BDD9600CD014D /* GameRemoteDataSource.swift */,
			);
			path = Remote;
			sourceTree = "<group>";
		};
		69945CE6295BDF0A00CD014D /* Model */ = {
			isa = PBXGroup;
			children = (
				69945D0D295D6B7700CD014D /* Local */,
				69945CE7295BDF1200CD014D /* Remote */,
			);
			path = Model;
			sourceTree = "<group>";
		};
		69945CE7295BDF1200CD014D /* Remote */ = {
			isa = PBXGroup;
			children = (
				69945CE8295BDF2300CD014D /* GameResponse.swift */,
				69945CF8295C16D700CD014D /* GameDetailResponse.swift */,
			);
			path = Remote;
			sourceTree = "<group>";
		};
		69945CEA295BE24000CD014D /* Network */ = {
			isa = PBXGroup;
			children = (
				69945CEB295BE25000CD014D /* APICall.swift */,
			);
			path = Network;
			sourceTree = "<group>";
		};
		69945CEF295BE7D300CD014D /* Mapper */ = {
			isa = PBXGroup;
			children = (
				69945CF0295BE7E500CD014D /* GameMapper.swift */,
				69945CFC295C18C600CD014D /* GameDetailMapper.swift */,
			);
			path = Mapper;
			sourceTree = "<group>";
		};
		69945D0D295D6B7700CD014D /* Local */ = {
			isa = PBXGroup;
			children = (
				69945D0B295D69E500CD014D /* GameEntity.swift */,
			);
			path = Local;
			sourceTree = "<group>";
		};
		69945D1A295DE63600CD014D /* Core */ = {
			isa = PBXGroup;
			children = (
				69945CBB295AD91A00CD014D /* Utils */,
				69945CB8295AD8FC00CD014D /* Domain */,
				69945CBC295AD92200CD014D /* DI */,
				69945CBA295AD90F00CD014D /* Data */,
			);
			path = Core;
			sourceTree = "<group>";
		};
/* End PBXGroup section */

/* Begin PBXNativeTarget section */
		69945C9E295ACFEF00CD014D /* Favgame */ = {
			isa = PBXNativeTarget;
			buildConfigurationList = 69945CB3295ACFF100CD014D /* Build configuration list for PBXNativeTarget "Favgame" */;
			buildPhases = (
				1593FD6AF81888F301142DC2 /* [CP] Check Pods Manifest.lock */,
				69945C9B295ACFEF00CD014D /* Sources */,
				69945C9C295ACFEF00CD014D /* Frameworks */,
				69945C9D295ACFEF00CD014D /* Resources */,
				E9D91FFDD6755C27BE31E66C /* [CP] Embed Pods Frameworks */,
				69945CB6295AD44700CD014D /* ShellScript */,
			);
			buildRules = (
			);
			dependencies = (
			);
			name = Favgame;
			productName = Favgame;
			productReference = 69945C9F295ACFEF00CD014D /* Favgame.app */;
			productType = "com.apple.product-type.application";
		};
/* End PBXNativeTarget section */

/* Begin PBXProject section */
		69945C97295ACFEF00CD014D /* Project object */ = {
			isa = PBXProject;
			attributes = {
				BuildIndependentTargetsInParallel = 1;
				LastSwiftUpdateCheck = 1410;
				LastUpgradeCheck = 1410;
				TargetAttributes = {
					69945C9E295ACFEF00CD014D = {
						CreatedOnToolsVersion = 14.1;
					};
				};
			};
			buildConfigurationList = 69945C9A295ACFEF00CD014D /* Build configuration list for PBXProject "Favgame" */;
			compatibilityVersion = "Xcode 13.0";
			developmentRegion = en;
			hasScannedForEncodings = 0;
			knownRegions = (
				en,
				Base,
			);
			mainGroup = 69945C96295ACFEF00CD014D;
			productRefGroup = 69945CA0295ACFEF00CD014D /* Products */;
			projectDirPath = "";
			projectRoot = "";
			targets = (
				69945C9E295ACFEF00CD014D /* Favgame */,
			);
		};
/* End PBXProject section */

/* Begin PBXResourcesBuildPhase section */
		69945C9D295ACFEF00CD014D /* Resources */ = {
			isa = PBXResourcesBuildPhase;
			buildActionMask = 2147483647;
			files = (
				69945CAF295ACFF100CD014D /* LaunchScreen.storyboard in Resources */,
				69945CAC295ACFF100CD014D /* Assets.xcassets in Resources */,
			);
			runOnlyForDeploymentPostprocessing = 0;
		};
/* End PBXResourcesBuildPhase section */

/* Begin PBXShellScriptBuildPhase section */
		1593FD6AF81888F301142DC2 /* [CP] Check Pods Manifest.lock */ = {
			isa = PBXShellScriptBuildPhase;
			buildActionMask = 2147483647;
			files = (
			);
			inputFileListPaths = (
			);
			inputPaths = (
				"${PODS_PODFILE_DIR_PATH}/Podfile.lock",
				"${PODS_ROOT}/Manifest.lock",
			);
			name = "[CP] Check Pods Manifest.lock";
			outputFileListPaths = (
			);
			outputPaths = (
				"$(DERIVED_FILE_DIR)/Pods-Favgame-checkManifestLockResult.txt",
			);
			runOnlyForDeploymentPostprocessing = 0;
			shellPath = /bin/sh;
			shellScript = "diff \"${PODS_PODFILE_DIR_PATH}/Podfile.lock\" \"${PODS_ROOT}/Manifest.lock\" > /dev/null\nif [ $? != 0 ] ; then\n    # print error to STDERR\n    echo \"error: The sandbox is not in sync with the Podfile.lock. Run 'pod install' or update your CocoaPods installation.\" >&2\n    exit 1\nfi\n# This output is used by Xcode 'outputs' to avoid re-running this script phase.\necho \"SUCCESS\" > \"${SCRIPT_OUTPUT_FILE_0}\"\n";
			showEnvVarsInLog = 0;
		};
		69945CB6295AD44700CD014D /* ShellScript */ = {
			isa = PBXShellScriptBuildPhase;
			alwaysOutOfDate = 1;
			buildActionMask = 2147483647;
			files = (
			);
			inputFileListPaths = (
			);
			inputPaths = (
			);
			outputFileListPaths = (
			);
			outputPaths = (
			);
			runOnlyForDeploymentPostprocessing = 0;
			shellPath = /bin/sh;
			shellScript = "if which swiftlint >/dev/null; then\n  swiftlint\nelse\n  echo \"warning: SwiftLint not installed, download from https://github.com/realm/SwiftLint\"\nfi\n";
		};
		E9D91FFDD6755C27BE31E66C /* [CP] Embed Pods Frameworks */ = {
			isa = PBXShellScriptBuildPhase;
			buildActionMask = 2147483647;
			files = (
			);
			inputFileListPaths = (
				"${PODS_ROOT}/Target Support Files/Pods-Favgame/Pods-Favgame-frameworks-${CONFIGURATION}-input-files.xcfilelist",
			);
			name = "[CP] Embed Pods Frameworks";
			outputFileListPaths = (
				"${PODS_ROOT}/Target Support Files/Pods-Favgame/Pods-Favgame-frameworks-${CONFIGURATION}-output-files.xcfilelist",
			);
			runOnlyForDeploymentPostprocessing = 0;
			shellPath = /bin/sh;
			shellScript = "\"${PODS_ROOT}/Target Support Files/Pods-Favgame/Pods-Favgame-frameworks.sh\"\n";
			showEnvVarsInLog = 0;
		};
/* End PBXShellScriptBuildPhase section */

/* Begin PBXSourcesBuildPhase section */
		69945C9B295ACFEF00CD014D /* Sources */ = {
			isa = PBXSourcesBuildPhase;
			buildActionMask = 2147483647;
			files = (
				69945CF1295BE7E500CD014D /* GameMapper.swift in Sources */,
				69945D01295D1AC400CD014D /* DetailDesccriptionCollectionViewCell.swift in Sources */,
				69945D09295D486800CD014D /* UITableView+Ext.swift in Sources */,
				69945CC8295AF7DF00CD014D /* HomeViewController.swift in Sources */,
				69945D0C295D69E500CD014D /* GameEntity.swift in Sources */,
				69945CD9295BBAB000CD014D /* GameCollectionViewCell.swift in Sources */,
				69945CE5295BDD9600CD014D /* GameRemoteDataSource.swift in Sources */,
				69945CC5295AF38A00CD014D /* Injection.swift in Sources */,
				69945CCB295AF8A200CD014D /* GetListGameUseCase.swift in Sources */,
				69945D07295D376D00CD014D /* GameTableViewCell.swift in Sources */,
				69945CD4295B001B00CD014D /* Constraints+Ext.swift in Sources */,
				69945D03295D273F00CD014D /* SearchViewController.swift in Sources */,
				697DC55E295FFBE300049156 /* Results+Ext.swift in Sources */,
				69945CD1295AFC8700CD014D /* Constant.swift in Sources */,
				69945D13295D7AD200CD014D /* InsertFavoriteGameUseCase.swift in Sources */,
				69945D15295D865400CD014D /* CheckIsFavoriteUseCase.swift in Sources */,
				69945CFF295C29AB00CD014D /* DetailHeaderView.swift in Sources */,
				69945CFD295C18C600CD014D /* GameDetailMapper.swift in Sources */,
				69945CC1295ADAAD00CD014D /* BaseViewController.swift in Sources */,
				69945CE9295BDF2300CD014D /* GameResponse.swift in Sources */,
				69945D05295D2A0A00CD014D /* SearchGameUSeCase.swift in Sources */,
				69945CF5295C138700CD014D /* DetailViewController.swift in Sources */,
				69945CEE295BE4B000CD014D /* CustomError+Ext.swift in Sources */,
				69945CDD295BC68F00CD014D /* Game.swift in Sources */,
				69945CA3295ACFEF00CD014D /* AppDelegate.swift in Sources */,
				69945CD6295BB8A900CD014D /* UIColor+Ext.swift in Sources */,
				69945D11295D776400CD014D /* GetFavoritesGameUseCase.swift in Sources */,
				69945D0F295D746000CD014D /* FavoriteViewController.swift in Sources */,
				69945CF7295C13F300CD014D /* GetGameDetailUseCase.swift in Sources */,
				69945CA5295ACFEF00CD014D /* SceneDelegate.swift in Sources */,
				69945CCE295AFABE00CD014D /* GameRepository.swift in Sources */,
				69945D19295DD11000CD014D /* AboutViewController.swift in Sources */,
				69945CEC295BE25000CD014D /* APICall.swift in Sources */,
				69945CF9295C16D700CD014D /* GameDetailResponse.swift in Sources */,
				69945D17295D912E00CD014D /* DeleteFavoriteGameUseCase.swift in Sources */,
				69945CFB295C172300CD014D /* GameDetail.swift in Sources */,
				69945CE2295BDCF100CD014D /* GameLocalDataSource.swift in Sources */,
			);
			runOnlyForDeploymentPostprocessing = 0;
		};
/* End PBXSourcesBuildPhase section */

/* Begin PBXVariantGroup section */
		69945CAD295ACFF100CD014D /* LaunchScreen.storyboard */ = {
			isa = PBXVariantGroup;
			children = (
				69945CAE295ACFF100CD014D /* Base */,
			);
			name = LaunchScreen.storyboard;
			sourceTree = "<group>";
		};
/* End PBXVariantGroup section */

/* Begin XCBuildConfiguration section */
		69945CB1295ACFF100CD014D /* Debug */ = {
			isa = XCBuildConfiguration;
			buildSettings = {
				ALWAYS_SEARCH_USER_PATHS = NO;
				CLANG_ANALYZER_NONNULL = YES;
				CLANG_ANALYZER_NUMBER_OBJECT_CONVERSION = YES_AGGRESSIVE;
				CLANG_CXX_LANGUAGE_STANDARD = "gnu++20";
				CLANG_ENABLE_MODULES = YES;
				CLANG_ENABLE_OBJC_ARC = YES;
				CLANG_ENABLE_OBJC_WEAK = YES;
				CLANG_WARN_BLOCK_CAPTURE_AUTORELEASING = YES;
				CLANG_WARN_BOOL_CONVERSION = YES;
				CLANG_WARN_COMMA = YES;
				CLANG_WARN_CONSTANT_CONVERSION = YES;
				CLANG_WARN_DEPRECATED_OBJC_IMPLEMENTATIONS = YES;
				CLANG_WARN_DIRECT_OBJC_ISA_USAGE = YES_ERROR;
				CLANG_WARN_DOCUMENTATION_COMMENTS = YES;
				CLANG_WARN_EMPTY_BODY = YES;
				CLANG_WARN_ENUM_CONVERSION = YES;
				CLANG_WARN_INFINITE_RECURSION = YES;
				CLANG_WARN_INT_CONVERSION = YES;
				CLANG_WARN_NON_LITERAL_NULL_CONVERSION = YES;
				CLANG_WARN_OBJC_IMPLICIT_RETAIN_SELF = YES;
				CLANG_WARN_OBJC_LITERAL_CONVERSION = YES;
				CLANG_WARN_OBJC_ROOT_CLASS = YES_ERROR;
				CLANG_WARN_QUOTED_INCLUDE_IN_FRAMEWORK_HEADER = YES;
				CLANG_WARN_RANGE_LOOP_ANALYSIS = YES;
				CLANG_WARN_STRICT_PROTOTYPES = YES;
				CLANG_WARN_SUSPICIOUS_MOVE = YES;
				CLANG_WARN_UNGUARDED_AVAILABILITY = YES_AGGRESSIVE;
				CLANG_WARN_UNREACHABLE_CODE = YES;
				CLANG_WARN__DUPLICATE_METHOD_MATCH = YES;
				COPY_PHASE_STRIP = NO;
				DEBUG_INFORMATION_FORMAT = dwarf;
				ENABLE_STRICT_OBJC_MSGSEND = YES;
				ENABLE_TESTABILITY = YES;
				GCC_C_LANGUAGE_STANDARD = gnu11;
				GCC_DYNAMIC_NO_PIC = NO;
				GCC_NO_COMMON_BLOCKS = YES;
				GCC_OPTIMIZATION_LEVEL = 0;
				GCC_PREPROCESSOR_DEFINITIONS = (
					"DEBUG=1",
					"$(inherited)",
				);
				GCC_WARN_64_TO_32_BIT_CONVERSION = YES;
				GCC_WARN_ABOUT_RETURN_TYPE = YES_ERROR;
				GCC_WARN_UNDECLARED_SELECTOR = YES;
				GCC_WARN_UNINITIALIZED_AUTOS = YES_AGGRESSIVE;
				GCC_WARN_UNUSED_FUNCTION = YES;
				GCC_WARN_UNUSED_VARIABLE = YES;
				IPHONEOS_DEPLOYMENT_TARGET = 16.1;
				MTL_ENABLE_DEBUG_INFO = INCLUDE_SOURCE;
				MTL_FAST_MATH = YES;
				ONLY_ACTIVE_ARCH = YES;
				SDKROOT = iphoneos;
				SWIFT_ACTIVE_COMPILATION_CONDITIONS = DEBUG;
				SWIFT_OPTIMIZATION_LEVEL = "-Onone";
			};
			name = Debug;
		};
		69945CB2295ACFF100CD014D /* Release */ = {
			isa = XCBuildConfiguration;
			buildSettings = {
				ALWAYS_SEARCH_USER_PATHS = NO;
				CLANG_ANALYZER_NONNULL = YES;
				CLANG_ANALYZER_NUMBER_OBJECT_CONVERSION = YES_AGGRESSIVE;
				CLANG_CXX_LANGUAGE_STANDARD = "gnu++20";
				CLANG_ENABLE_MODULES = YES;
				CLANG_ENABLE_OBJC_ARC = YES;
				CLANG_ENABLE_OBJC_WEAK = YES;
				CLANG_WARN_BLOCK_CAPTURE_AUTORELEASING = YES;
				CLANG_WARN_BOOL_CONVERSION = YES;
				CLANG_WARN_COMMA = YES;
				CLANG_WARN_CONSTANT_CONVERSION = YES;
				CLANG_WARN_DEPRECATED_OBJC_IMPLEMENTATIONS = YES;
				CLANG_WARN_DIRECT_OBJC_ISA_USAGE = YES_ERROR;
				CLANG_WARN_DOCUMENTATION_COMMENTS = YES;
				CLANG_WARN_EMPTY_BODY = YES;
				CLANG_WARN_ENUM_CONVERSION = YES;
				CLANG_WARN_INFINITE_RECURSION = YES;
				CLANG_WARN_INT_CONVERSION = YES;
				CLANG_WARN_NON_LITERAL_NULL_CONVERSION = YES;
				CLANG_WARN_OBJC_IMPLICIT_RETAIN_SELF = YES;
				CLANG_WARN_OBJC_LITERAL_CONVERSION = YES;
				CLANG_WARN_OBJC_ROOT_CLASS = YES_ERROR;
				CLANG_WARN_QUOTED_INCLUDE_IN_FRAMEWORK_HEADER = YES;
				CLANG_WARN_RANGE_LOOP_ANALYSIS = YES;
				CLANG_WARN_STRICT_PROTOTYPES = YES;
				CLANG_WARN_SUSPICIOUS_MOVE = YES;
				CLANG_WARN_UNGUARDED_AVAILABILITY = YES_AGGRESSIVE;
				CLANG_WARN_UNREACHABLE_CODE = YES;
				CLANG_WARN__DUPLICATE_METHOD_MATCH = YES;
				COPY_PHASE_STRIP = NO;
				DEBUG_INFORMATION_FORMAT = "dwarf-with-dsym";
				ENABLE_NS_ASSERTIONS = NO;
				ENABLE_STRICT_OBJC_MSGSEND = YES;
				GCC_C_LANGUAGE_STANDARD = gnu11;
				GCC_NO_COMMON_BLOCKS = YES;
				GCC_WARN_64_TO_32_BIT_CONVERSION = YES;
				GCC_WARN_ABOUT_RETURN_TYPE = YES_ERROR;
				GCC_WARN_UNDECLARED_SELECTOR = YES;
				GCC_WARN_UNINITIALIZED_AUTOS = YES_AGGRESSIVE;
				GCC_WARN_UNUSED_FUNCTION = YES;
				GCC_WARN_UNUSED_VARIABLE = YES;
				IPHONEOS_DEPLOYMENT_TARGET = 16.1;
				MTL_ENABLE_DEBUG_INFO = NO;
				MTL_FAST_MATH = YES;
				SDKROOT = iphoneos;
				SWIFT_COMPILATION_MODE = wholemodule;
				SWIFT_OPTIMIZATION_LEVEL = "-O";
				VALIDATE_PRODUCT = YES;
			};
			name = Release;
		};
		69945CB4295ACFF100CD014D /* Debug */ = {
			isa = XCBuildConfiguration;
			baseConfigurationReference = 058356AA63D15027EFF8E363 /* Pods-Favgame.debug.xcconfig */;
			buildSettings = {
				ASSETCATALOG_COMPILER_APPICON_NAME = AppIcon;
				ASSETCATALOG_COMPILER_GLOBAL_ACCENT_COLOR_NAME = AccentColor;
				CODE_SIGN_STYLE = Automatic;
				CURRENT_PROJECT_VERSION = 1;
				DEVELOPMENT_TEAM = MZGWYSR98Q;
				GENERATE_INFOPLIST_FILE = YES;
				INFOPLIST_FILE = Favgame/Info.plist;
				INFOPLIST_KEY_UIApplicationSupportsIndirectInputEvents = YES;
				INFOPLIST_KEY_UILaunchStoryboardName = LaunchScreen;
				INFOPLIST_KEY_UISupportedInterfaceOrientations_iPad = "UIInterfaceOrientationPortrait UIInterfaceOrientationPortraitUpsideDown UIInterfaceOrientationLandscapeLeft UIInterfaceOrientationLandscapeRight";
				INFOPLIST_KEY_UISupportedInterfaceOrientations_iPhone = "UIInterfaceOrientationPortrait UIInterfaceOrientationLandscapeLeft UIInterfaceOrientationLandscapeRight";
				LD_RUNPATH_SEARCH_PATHS = (
					"$(inherited)",
					"@executable_path/Frameworks",
				);
				MARKETING_VERSION = 1.0;
				PRODUCT_BUNDLE_IDENTIFIER = com.done.Favgame;
				PRODUCT_NAME = "$(TARGET_NAME)";
				SWIFT_EMIT_LOC_STRINGS = YES;
				SWIFT_VERSION = 5.0;
				TARGETED_DEVICE_FAMILY = "1,2";
			};
			name = Debug;
		};
		69945CB5295ACFF100CD014D /* Release */ = {
			isa = XCBuildConfiguration;
			baseConfigurationReference = BE0339F8BF449187263E6BBB /* Pods-Favgame.release.xcconfig */;
			buildSettings = {
				ASSETCATALOG_COMPILER_APPICON_NAME = AppIcon;
				ASSETCATALOG_COMPILER_GLOBAL_ACCENT_COLOR_NAME = AccentColor;
				CODE_SIGN_STYLE = Automatic;
				CURRENT_PROJECT_VERSION = 1;
				DEVELOPMENT_TEAM = MZGWYSR98Q;
				GENERATE_INFOPLIST_FILE = YES;
				INFOPLIST_FILE = Favgame/Info.plist;
				INFOPLIST_KEY_UIApplicationSupportsIndirectInputEvents = YES;
				INFOPLIST_KEY_UILaunchStoryboardName = LaunchScreen;
				INFOPLIST_KEY_UISupportedInterfaceOrientations_iPad = "UIInterfaceOrientationPortrait UIInterfaceOrientationPortraitUpsideDown UIInterfaceOrientationLandscapeLeft UIInterfaceOrientationLandscapeRight";
				INFOPLIST_KEY_UISupportedInterfaceOrientations_iPhone = "UIInterfaceOrientationPortrait UIInterfaceOrientationLandscapeLeft UIInterfaceOrientationLandscapeRight";
				LD_RUNPATH_SEARCH_PATHS = (
					"$(inherited)",
					"@executable_path/Frameworks",
				);
				MARKETING_VERSION = 1.0;
				PRODUCT_BUNDLE_IDENTIFIER = com.done.Favgame;
				PRODUCT_NAME = "$(TARGET_NAME)";
				SWIFT_EMIT_LOC_STRINGS = YES;
				SWIFT_VERSION = 5.0;
				TARGETED_DEVICE_FAMILY = "1,2";
			};
			name = Release;
		};
/* End XCBuildConfiguration section */

/* Begin XCConfigurationList section */
		69945C9A295ACFEF00CD014D /* Build configuration list for PBXProject "Favgame" */ = {
			isa = XCConfigurationList;
			buildConfigurations = (
				69945CB1295ACFF100CD014D /* Debug */,
				69945CB2295ACFF100CD014D /* Release */,
			);
			defaultConfigurationIsVisible = 0;
			defaultConfigurationName = Release;
		};
		69945CB3295ACFF100CD014D /* Build configuration list for PBXNativeTarget "Favgame" */ = {
			isa = XCConfigurationList;
			buildConfigurations = (
				69945CB4295ACFF100CD014D /* Debug */,
				69945CB5295ACFF100CD014D /* Release */,
			);
			defaultConfigurationIsVisible = 0;
			defaultConfigurationName = Release;
		};
/* End XCConfigurationList section */
	};
	rootObject = 69945C97295ACFEF00CD014D /* Project object */;
}
